// !$*UTF8*$!
{
	archiveVersion = 1;
	classes = {
	};
	objectVersion = 50;
	objects = {

/* Begin PBXBuildFile section */
		52785FDE87886758CEA32382 /* Pods_K5ToolTests.framework in Frameworks */ = {isa = PBXBuildFile; fileRef = 8306F7E19E81C437F4F1F824 /* Pods_K5ToolTests.framework */; };
		92BB11FF5370063F2D02D05B /* Pods_K5ToolUITests.framework in Frameworks */ = {isa = PBXBuildFile; fileRef = A938D551A22BC16216C2C075 /* Pods_K5ToolUITests.framework */; };
		CF271B3522B319BF001FF557 /* Utilities.swift in Sources */ = {isa = PBXBuildFile; fileRef = CF271B3422B319BF001FF557 /* Utilities.swift */; };
		CF271B3722B31E70001FF557 /* Waveforms.swift in Sources */ = {isa = PBXBuildFile; fileRef = CF271B3622B31E70001FF557 /* Waveforms.swift */; };
		CF71507C2219D5E400077C59 /* Single.swift in Sources */ = {isa = PBXBuildFile; fileRef = CF71507B2219D5E400077C59 /* Single.swift */; };
		CFB9E2992219D20900D9387C /* AppDelegate.swift in Sources */ = {isa = PBXBuildFile; fileRef = CFB9E2982219D20900D9387C /* AppDelegate.swift */; };
		CFB9E29B2219D20900D9387C /* ViewController.swift in Sources */ = {isa = PBXBuildFile; fileRef = CFB9E29A2219D20900D9387C /* ViewController.swift */; };
		CFB9E29D2219D20900D9387C /* Document.swift in Sources */ = {isa = PBXBuildFile; fileRef = CFB9E29C2219D20900D9387C /* Document.swift */; };
		CFB9E29F2219D21300D9387C /* Assets.xcassets in Resources */ = {isa = PBXBuildFile; fileRef = CFB9E29E2219D21300D9387C /* Assets.xcassets */; };
		CFB9E2A22219D21300D9387C /* Main.storyboard in Resources */ = {isa = PBXBuildFile; fileRef = CFB9E2A02219D21300D9387C /* Main.storyboard */; };
		CFB9E2AE2219D21300D9387C /* K5ToolTests.swift in Sources */ = {isa = PBXBuildFile; fileRef = CFB9E2AD2219D21300D9387C /* K5ToolTests.swift */; };
		CFB9E2B92219D21300D9387C /* K5ToolUITests.swift in Sources */ = {isa = PBXBuildFile; fileRef = CFB9E2B82219D21300D9387C /* K5ToolUITests.swift */; };
		CFFD7151221A970A00425304 /* Single.swift in Sources */ = {isa = PBXBuildFile; fileRef = CF71507B2219D5E400077C59 /* Single.swift */; };
		CFFD7153221A97C300425304 /* TestData.swift in Sources */ = {isa = PBXBuildFile; fileRef = CFFD7152221A97C300425304 /* TestData.swift */; };
		CFFD7154221A983B00425304 /* TestData.swift in Sources */ = {isa = PBXBuildFile; fileRef = CFFD7152221A97C300425304 /* TestData.swift */; };
		CFFD7155221A983C00425304 /* TestData.swift in Sources */ = {isa = PBXBuildFile; fileRef = CFFD7152221A97C300425304 /* TestData.swift */; };
		CFFD7156221A983E00425304 /* Single.swift in Sources */ = {isa = PBXBuildFile; fileRef = CF71507B2219D5E400077C59 /* Single.swift */; };
		F02BB83D6279CF35619B0EC9 /* Pods_K5Tool.framework in Frameworks */ = {isa = PBXBuildFile; fileRef = ECB6ACE3C544399093178B3C /* Pods_K5Tool.framework */; };
/* End PBXBuildFile section */

/* Begin PBXContainerItemProxy section */
		CFB9E2AA2219D21300D9387C /* PBXContainerItemProxy */ = {
			isa = PBXContainerItemProxy;
			containerPortal = CFB9E28D2219D20900D9387C /* Project object */;
			proxyType = 1;
			remoteGlobalIDString = CFB9E2942219D20900D9387C;
			remoteInfo = K5Tool;
		};
		CFB9E2B52219D21300D9387C /* PBXContainerItemProxy */ = {
			isa = PBXContainerItemProxy;
			containerPortal = CFB9E28D2219D20900D9387C /* Project object */;
			proxyType = 1;
			remoteGlobalIDString = CFB9E2942219D20900D9387C;
			remoteInfo = K5Tool;
		};
/* End PBXContainerItemProxy section */

/* Begin PBXFileReference section */
		0C28ABB22990C6E65DA95980 /* Pods-K5ToolUITests.debug.xcconfig */ = {isa = PBXFileReference; includeInIndex = 1; lastKnownFileType = text.xcconfig; name = "Pods-K5ToolUITests.debug.xcconfig"; path = "Pods/Target Support Files/Pods-K5ToolUITests/Pods-K5ToolUITests.debug.xcconfig"; sourceTree = "<group>"; };
		516C5C904B6E1843BF7FB278 /* Pods-K5ToolTests.release.xcconfig */ = {isa = PBXFileReference; includeInIndex = 1; lastKnownFileType = text.xcconfig; name = "Pods-K5ToolTests.release.xcconfig"; path = "Pods/Target Support Files/Pods-K5ToolTests/Pods-K5ToolTests.release.xcconfig"; sourceTree = "<group>"; };
		710A328DD3F9AC229A25ACC0 /* Pods-K5ToolTests.debug.xcconfig */ = {isa = PBXFileReference; includeInIndex = 1; lastKnownFileType = text.xcconfig; name = "Pods-K5ToolTests.debug.xcconfig"; path = "Pods/Target Support Files/Pods-K5ToolTests/Pods-K5ToolTests.debug.xcconfig"; sourceTree = "<group>"; };
		8306F7E19E81C437F4F1F824 /* Pods_K5ToolTests.framework */ = {isa = PBXFileReference; explicitFileType = wrapper.framework; includeInIndex = 0; path = Pods_K5ToolTests.framework; sourceTree = BUILT_PRODUCTS_DIR; };
		86012CEAED1D8A257E3F1C36 /* Pods-K5ToolUITests.release.xcconfig */ = {isa = PBXFileReference; includeInIndex = 1; lastKnownFileType = text.xcconfig; name = "Pods-K5ToolUITests.release.xcconfig"; path = "Pods/Target Support Files/Pods-K5ToolUITests/Pods-K5ToolUITests.release.xcconfig"; sourceTree = "<group>"; };
		A938D551A22BC16216C2C075 /* Pods_K5ToolUITests.framework */ = {isa = PBXFileReference; explicitFileType = wrapper.framework; includeInIndex = 0; path = Pods_K5ToolUITests.framework; sourceTree = BUILT_PRODUCTS_DIR; };
		AF6EAE260455CEFA00A313F3 /* Pods-K5Tool.release.xcconfig */ = {isa = PBXFileReference; includeInIndex = 1; lastKnownFileType = text.xcconfig; name = "Pods-K5Tool.release.xcconfig"; path = "Pods/Target Support Files/Pods-K5Tool/Pods-K5Tool.release.xcconfig"; sourceTree = "<group>"; };
		CF271B3422B319BF001FF557 /* Utilities.swift */ = {isa = PBXFileReference; lastKnownFileType = sourcecode.swift; path = Utilities.swift; sourceTree = "<group>"; };
		CF271B3622B31E70001FF557 /* Waveforms.swift */ = {isa = PBXFileReference; lastKnownFileType = sourcecode.swift; path = Waveforms.swift; sourceTree = "<group>"; };
		CF71507B2219D5E400077C59 /* Single.swift */ = {isa = PBXFileReference; lastKnownFileType = sourcecode.swift; path = Single.swift; sourceTree = "<group>"; };
		CFB9E2952219D20900D9387C /* K5Tool.app */ = {isa = PBXFileReference; explicitFileType = wrapper.application; includeInIndex = 0; path = K5Tool.app; sourceTree = BUILT_PRODUCTS_DIR; };
		CFB9E2982219D20900D9387C /* AppDelegate.swift */ = {isa = PBXFileReference; lastKnownFileType = sourcecode.swift; path = AppDelegate.swift; sourceTree = "<group>"; };
		CFB9E29A2219D20900D9387C /* ViewController.swift */ = {isa = PBXFileReference; lastKnownFileType = sourcecode.swift; path = ViewController.swift; sourceTree = "<group>"; };
		CFB9E29C2219D20900D9387C /* Document.swift */ = {isa = PBXFileReference; lastKnownFileType = sourcecode.swift; path = Document.swift; sourceTree = "<group>"; };
		CFB9E29E2219D21300D9387C /* Assets.xcassets */ = {isa = PBXFileReference; lastKnownFileType = folder.assetcatalog; path = Assets.xcassets; sourceTree = "<group>"; };
		CFB9E2A12219D21300D9387C /* Base */ = {isa = PBXFileReference; lastKnownFileType = file.storyboard; name = Base; path = Base.lproj/Main.storyboard; sourceTree = "<group>"; };
		CFB9E2A32219D21300D9387C /* Info.plist */ = {isa = PBXFileReference; lastKnownFileType = text.plist.xml; path = Info.plist; sourceTree = "<group>"; };
		CFB9E2A42219D21300D9387C /* K5Tool.entitlements */ = {isa = PBXFileReference; lastKnownFileType = text.plist.entitlements; path = K5Tool.entitlements; sourceTree = "<group>"; };
		CFB9E2A92219D21300D9387C /* K5ToolTests.xctest */ = {isa = PBXFileReference; explicitFileType = wrapper.cfbundle; includeInIndex = 0; path = K5ToolTests.xctest; sourceTree = BUILT_PRODUCTS_DIR; };
		CFB9E2AD2219D21300D9387C /* K5ToolTests.swift */ = {isa = PBXFileReference; lastKnownFileType = sourcecode.swift; path = K5ToolTests.swift; sourceTree = "<group>"; };
		CFB9E2AF2219D21300D9387C /* Info.plist */ = {isa = PBXFileReference; lastKnownFileType = text.plist.xml; path = Info.plist; sourceTree = "<group>"; };
		CFB9E2B42219D21300D9387C /* K5ToolUITests.xctest */ = {isa = PBXFileReference; explicitFileType = wrapper.cfbundle; includeInIndex = 0; path = K5ToolUITests.xctest; sourceTree = BUILT_PRODUCTS_DIR; };
		CFB9E2B82219D21300D9387C /* K5ToolUITests.swift */ = {isa = PBXFileReference; lastKnownFileType = sourcecode.swift; path = K5ToolUITests.swift; sourceTree = "<group>"; };
		CFB9E2BA2219D21300D9387C /* Info.plist */ = {isa = PBXFileReference; lastKnownFileType = text.plist.xml; path = Info.plist; sourceTree = "<group>"; };
		CFFD7152221A97C300425304 /* TestData.swift */ = {isa = PBXFileReference; lastKnownFileType = sourcecode.swift; path = TestData.swift; sourceTree = "<group>"; };
		E14021C80EDD8C4B134C7845 /* Pods-K5Tool.debug.xcconfig */ = {isa = PBXFileReference; includeInIndex = 1; lastKnownFileType = text.xcconfig; name = "Pods-K5Tool.debug.xcconfig"; path = "Pods/Target Support Files/Pods-K5Tool/Pods-K5Tool.debug.xcconfig"; sourceTree = "<group>"; };
		ECB6ACE3C544399093178B3C /* Pods_K5Tool.framework */ = {isa = PBXFileReference; explicitFileType = wrapper.framework; includeInIndex = 0; path = Pods_K5Tool.framework; sourceTree = BUILT_PRODUCTS_DIR; };
/* End PBXFileReference section */

/* Begin PBXFrameworksBuildPhase section */
		CFB9E2922219D20900D9387C /* Frameworks */ = {
			isa = PBXFrameworksBuildPhase;
			buildActionMask = 2147483647;
			files = (
				F02BB83D6279CF35619B0EC9 /* Pods_K5Tool.framework in Frameworks */,
			);
			runOnlyForDeploymentPostprocessing = 0;
		};
		CFB9E2A62219D21300D9387C /* Frameworks */ = {
			isa = PBXFrameworksBuildPhase;
			buildActionMask = 2147483647;
			files = (
				52785FDE87886758CEA32382 /* Pods_K5ToolTests.framework in Frameworks */,
			);
			runOnlyForDeploymentPostprocessing = 0;
		};
		CFB9E2B12219D21300D9387C /* Frameworks */ = {
			isa = PBXFrameworksBuildPhase;
			buildActionMask = 2147483647;
			files = (
				92BB11FF5370063F2D02D05B /* Pods_K5ToolUITests.framework in Frameworks */,
			);
			runOnlyForDeploymentPostprocessing = 0;
		};
/* End PBXFrameworksBuildPhase section */

/* Begin PBXGroup section */
		029D3D22C45D4DFC66A410B7 /* Frameworks */ = {
			isa = PBXGroup;
			children = (
				ECB6ACE3C544399093178B3C /* Pods_K5Tool.framework */,
				8306F7E19E81C437F4F1F824 /* Pods_K5ToolTests.framework */,
				A938D551A22BC16216C2C075 /* Pods_K5ToolUITests.framework */,
			);
			name = Frameworks;
			sourceTree = "<group>";
		};
		CFB9E28C2219D20900D9387C = {
			isa = PBXGroup;
			children = (
				CFB9E2972219D20900D9387C /* K5Tool */,
				CFB9E2AC2219D21300D9387C /* K5ToolTests */,
				CFB9E2B72219D21300D9387C /* K5ToolUITests */,
				CFB9E2962219D20900D9387C /* Products */,
				F4DE9F14A192BDAB2C599FF9 /* Pods */,
				029D3D22C45D4DFC66A410B7 /* Frameworks */,
			);
			sourceTree = "<group>";
		};
		CFB9E2962219D20900D9387C /* Products */ = {
			isa = PBXGroup;
			children = (
				CFB9E2952219D20900D9387C /* K5Tool.app */,
				CFB9E2A92219D21300D9387C /* K5ToolTests.xctest */,
				CFB9E2B42219D21300D9387C /* K5ToolUITests.xctest */,
			);
			name = Products;
			sourceTree = "<group>";
		};
		CFB9E2972219D20900D9387C /* K5Tool */ = {
			isa = PBXGroup;
			children = (
				CFB9E2982219D20900D9387C /* AppDelegate.swift */,
				CFB9E29A2219D20900D9387C /* ViewController.swift */,
				CFB9E29C2219D20900D9387C /* Document.swift */,
				CFB9E29E2219D21300D9387C /* Assets.xcassets */,
				CFB9E2A02219D21300D9387C /* Main.storyboard */,
				CFB9E2A32219D21300D9387C /* Info.plist */,
				CFB9E2A42219D21300D9387C /* K5Tool.entitlements */,
				CF71507B2219D5E400077C59 /* Single.swift */,
				CFFD7152221A97C300425304 /* TestData.swift */,
				CF271B3422B319BF001FF557 /* Utilities.swift */,
				CF271B3622B31E70001FF557 /* Waveforms.swift */,
			);
			path = K5Tool;
			sourceTree = "<group>";
		};
		CFB9E2AC2219D21300D9387C /* K5ToolTests */ = {
			isa = PBXGroup;
			children = (
				CFB9E2AD2219D21300D9387C /* K5ToolTests.swift */,
				CFB9E2AF2219D21300D9387C /* Info.plist */,
			);
			path = K5ToolTests;
			sourceTree = "<group>";
		};
		CFB9E2B72219D21300D9387C /* K5ToolUITests */ = {
			isa = PBXGroup;
			children = (
				CFB9E2B82219D21300D9387C /* K5ToolUITests.swift */,
				CFB9E2BA2219D21300D9387C /* Info.plist */,
			);
			path = K5ToolUITests;
			sourceTree = "<group>";
		};
		F4DE9F14A192BDAB2C599FF9 /* Pods */ = {
			isa = PBXGroup;
			children = (
				E14021C80EDD8C4B134C7845 /* Pods-K5Tool.debug.xcconfig */,
				AF6EAE260455CEFA00A313F3 /* Pods-K5Tool.release.xcconfig */,
				710A328DD3F9AC229A25ACC0 /* Pods-K5ToolTests.debug.xcconfig */,
				516C5C904B6E1843BF7FB278 /* Pods-K5ToolTests.release.xcconfig */,
				0C28ABB22990C6E65DA95980 /* Pods-K5ToolUITests.debug.xcconfig */,
				86012CEAED1D8A257E3F1C36 /* Pods-K5ToolUITests.release.xcconfig */,
			);
			name = Pods;
			sourceTree = "<group>";
		};
/* End PBXGroup section */

/* Begin PBXNativeTarget section */
		CFB9E2942219D20900D9387C /* K5Tool */ = {
			isa = PBXNativeTarget;
			buildConfigurationList = CFB9E2BD2219D21300D9387C /* Build configuration list for PBXNativeTarget "K5Tool" */;
			buildPhases = (
				72B19935283E1E309D9B5716 /* [CP] Check Pods Manifest.lock */,
				CFB9E2912219D20900D9387C /* Sources */,
				CFB9E2922219D20900D9387C /* Frameworks */,
				CFB9E2932219D20900D9387C /* Resources */,
				287906EAA6CE2ACFBCF49F8B /* [CP] Embed Pods Frameworks */,
			);
			buildRules = (
			);
			dependencies = (
			);
			name = K5Tool;
			productName = K5Tool;
			productReference = CFB9E2952219D20900D9387C /* K5Tool.app */;
			productType = "com.apple.product-type.application";
		};
		CFB9E2A82219D21300D9387C /* K5ToolTests */ = {
			isa = PBXNativeTarget;
			buildConfigurationList = CFB9E2C02219D21300D9387C /* Build configuration list for PBXNativeTarget "K5ToolTests" */;
			buildPhases = (
				6F7E7D31ABB9B7B4222F0FA0 /* [CP] Check Pods Manifest.lock */,
				CFB9E2A52219D21300D9387C /* Sources */,
				CFB9E2A62219D21300D9387C /* Frameworks */,
				CFB9E2A72219D21300D9387C /* Resources */,
			);
			buildRules = (
			);
			dependencies = (
				CFB9E2AB2219D21300D9387C /* PBXTargetDependency */,
			);
			name = K5ToolTests;
			productName = K5ToolTests;
			productReference = CFB9E2A92219D21300D9387C /* K5ToolTests.xctest */;
			productType = "com.apple.product-type.bundle.unit-test";
		};
		CFB9E2B32219D21300D9387C /* K5ToolUITests */ = {
			isa = PBXNativeTarget;
			buildConfigurationList = CFB9E2C32219D21300D9387C /* Build configuration list for PBXNativeTarget "K5ToolUITests" */;
			buildPhases = (
				7C0A12F802666FC88284F61E /* [CP] Check Pods Manifest.lock */,
				CFB9E2B02219D21300D9387C /* Sources */,
				CFB9E2B12219D21300D9387C /* Frameworks */,
				CFB9E2B22219D21300D9387C /* Resources */,
			);
			buildRules = (
			);
			dependencies = (
				CFB9E2B62219D21300D9387C /* PBXTargetDependency */,
			);
			name = K5ToolUITests;
			productName = K5ToolUITests;
			productReference = CFB9E2B42219D21300D9387C /* K5ToolUITests.xctest */;
			productType = "com.apple.product-type.bundle.ui-testing";
		};
/* End PBXNativeTarget section */

/* Begin PBXProject section */
		CFB9E28D2219D20900D9387C /* Project object */ = {
			isa = PBXProject;
			attributes = {
				LastSwiftUpdateCheck = 1010;
				LastUpgradeCheck = 1010;
				ORGANIZATIONNAME = "Conifer Productions Oy";
				TargetAttributes = {
					CFB9E2942219D20900D9387C = {
						CreatedOnToolsVersion = 10.1;
					};
					CFB9E2A82219D21300D9387C = {
						CreatedOnToolsVersion = 10.1;
						TestTargetID = CFB9E2942219D20900D9387C;
					};
					CFB9E2B32219D21300D9387C = {
						CreatedOnToolsVersion = 10.1;
						TestTargetID = CFB9E2942219D20900D9387C;
					};
				};
			};
			buildConfigurationList = CFB9E2902219D20900D9387C /* Build configuration list for PBXProject "K5Tool" */;
			compatibilityVersion = "Xcode 9.3";
			developmentRegion = en;
			hasScannedForEncodings = 0;
			knownRegions = (
				en,
				Base,
			);
			mainGroup = CFB9E28C2219D20900D9387C;
			productRefGroup = CFB9E2962219D20900D9387C /* Products */;
			projectDirPath = "";
			projectRoot = "";
			targets = (
				CFB9E2942219D20900D9387C /* K5Tool */,
				CFB9E2A82219D21300D9387C /* K5ToolTests */,
				CFB9E2B32219D21300D9387C /* K5ToolUITests */,
			);
		};
/* End PBXProject section */

/* Begin PBXResourcesBuildPhase section */
		CFB9E2932219D20900D9387C /* Resources */ = {
			isa = PBXResourcesBuildPhase;
			buildActionMask = 2147483647;
			files = (
				CFB9E29F2219D21300D9387C /* Assets.xcassets in Resources */,
				CFB9E2A22219D21300D9387C /* Main.storyboard in Resources */,
			);
			runOnlyForDeploymentPostprocessing = 0;
		};
		CFB9E2A72219D21300D9387C /* Resources */ = {
			isa = PBXResourcesBuildPhase;
			buildActionMask = 2147483647;
			files = (
			);
			runOnlyForDeploymentPostprocessing = 0;
		};
		CFB9E2B22219D21300D9387C /* Resources */ = {
			isa = PBXResourcesBuildPhase;
			buildActionMask = 2147483647;
			files = (
			);
			runOnlyForDeploymentPostprocessing = 0;
		};
/* End PBXResourcesBuildPhase section */

/* Begin PBXShellScriptBuildPhase section */
		287906EAA6CE2ACFBCF49F8B /* [CP] Embed Pods Frameworks */ = {
			isa = PBXShellScriptBuildPhase;
			buildActionMask = 2147483647;
			files = (
			);
			inputPaths = (
				"${SRCROOT}/Pods/Target Support Files/Pods-K5Tool/Pods-K5Tool-frameworks.sh",
				"${BUILT_PRODUCTS_DIR}/BinarySwift/BinarySwift.framework",
				"${BUILT_PRODUCTS_DIR}/Bitter/Bitter.framework",
			);
			name = "[CP] Embed Pods Frameworks";
			outputPaths = (
				"${TARGET_BUILD_DIR}/${FRAMEWORKS_FOLDER_PATH}/BinarySwift.framework",
				"${TARGET_BUILD_DIR}/${FRAMEWORKS_FOLDER_PATH}/Bitter.framework",
			);
			runOnlyForDeploymentPostprocessing = 0;
			shellPath = /bin/sh;
			shellScript = "\"${SRCROOT}/Pods/Target Support Files/Pods-K5Tool/Pods-K5Tool-frameworks.sh\"\n";
			showEnvVarsInLog = 0;
		};
		6F7E7D31ABB9B7B4222F0FA0 /* [CP] Check Pods Manifest.lock */ = {
			isa = PBXShellScriptBuildPhase;
			buildActionMask = 2147483647;
			files = (
			);
			inputPaths = (
				"${PODS_PODFILE_DIR_PATH}/Podfile.lock",
				"${PODS_ROOT}/Manifest.lock",
			);
			name = "[CP] Check Pods Manifest.lock";
			outputPaths = (
				"$(DERIVED_FILE_DIR)/Pods-K5ToolTests-checkManifestLockResult.txt",
			);
			runOnlyForDeploymentPostprocessing = 0;
			shellPath = /bin/sh;
			shellScript = "diff \"${PODS_PODFILE_DIR_PATH}/Podfile.lock\" \"${PODS_ROOT}/Manifest.lock\" > /dev/null\nif [ $? != 0 ] ; then\n    # print error to STDERR\n    echo \"error: The sandbox is not in sync with the Podfile.lock. Run 'pod install' or update your CocoaPods installation.\" >&2\n    exit 1\nfi\n# This output is used by Xcode 'outputs' to avoid re-running this script phase.\necho \"SUCCESS\" > \"${SCRIPT_OUTPUT_FILE_0}\"\n";
			showEnvVarsInLog = 0;
		};
		72B19935283E1E309D9B5716 /* [CP] Check Pods Manifest.lock */ = {
			isa = PBXShellScriptBuildPhase;
			buildActionMask = 2147483647;
			files = (
			);
			inputPaths = (
				"${PODS_PODFILE_DIR_PATH}/Podfile.lock",
				"${PODS_ROOT}/Manifest.lock",
			);
			name = "[CP] Check Pods Manifest.lock";
			outputPaths = (
				"$(DERIVED_FILE_DIR)/Pods-K5Tool-checkManifestLockResult.txt",
			);
			runOnlyForDeploymentPostprocessing = 0;
			shellPath = /bin/sh;
			shellScript = "diff \"${PODS_PODFILE_DIR_PATH}/Podfile.lock\" \"${PODS_ROOT}/Manifest.lock\" > /dev/null\nif [ $? != 0 ] ; then\n    # print error to STDERR\n    echo \"error: The sandbox is not in sync with the Podfile.lock. Run 'pod install' or update your CocoaPods installation.\" >&2\n    exit 1\nfi\n# This output is used by Xcode 'outputs' to avoid re-running this script phase.\necho \"SUCCESS\" > \"${SCRIPT_OUTPUT_FILE_0}\"\n";
			showEnvVarsInLog = 0;
		};
		7C0A12F802666FC88284F61E /* [CP] Check Pods Manifest.lock */ = {
			isa = PBXShellScriptBuildPhase;
			buildActionMask = 2147483647;
			files = (
			);
			inputPaths = (
				"${PODS_PODFILE_DIR_PATH}/Podfile.lock",
				"${PODS_ROOT}/Manifest.lock",
			);
			name = "[CP] Check Pods Manifest.lock";
			outputPaths = (
				"$(DERIVED_FILE_DIR)/Pods-K5ToolUITests-checkManifestLockResult.txt",
			);
			runOnlyForDeploymentPostprocessing = 0;
			shellPath = /bin/sh;
			shellScript = "diff \"${PODS_PODFILE_DIR_PATH}/Podfile.lock\" \"${PODS_ROOT}/Manifest.lock\" > /dev/null\nif [ $? != 0 ] ; then\n    # print error to STDERR\n    echo \"error: The sandbox is not in sync with the Podfile.lock. Run 'pod install' or update your CocoaPods installation.\" >&2\n    exit 1\nfi\n# This output is used by Xcode 'outputs' to avoid re-running this script phase.\necho \"SUCCESS\" > \"${SCRIPT_OUTPUT_FILE_0}\"\n";
			showEnvVarsInLog = 0;
		};
/* End PBXShellScriptBuildPhase section */

/* Begin PBXSourcesBuildPhase section */
		CFB9E2912219D20900D9387C /* Sources */ = {
			isa = PBXSourcesBuildPhase;
			buildActionMask = 2147483647;
			files = (
				CFB9E29B2219D20900D9387C /* ViewController.swift in Sources */,
				CF271B3722B31E70001FF557 /* Waveforms.swift in Sources */,
				CF71507C2219D5E400077C59 /* Single.swift in Sources */,
				CF271B3522B319BF001FF557 /* Utilities.swift in Sources */,
				CFB9E2992219D20900D9387C /* AppDelegate.swift in Sources */,
				CFFD7153221A97C300425304 /* TestData.swift in Sources */,
				CFB9E29D2219D20900D9387C /* Document.swift in Sources */,
			);
			runOnlyForDeploymentPostprocessing = 0;
		};
		CFB9E2A52219D21300D9387C /* Sources */ = {
			isa = PBXSourcesBuildPhase;
			buildActionMask = 2147483647;
			files = (
				CFFD7154221A983B00425304 /* TestData.swift in Sources */,
				CFB9E2AE2219D21300D9387C /* K5ToolTests.swift in Sources */,
				CFFD7151221A970A00425304 /* Single.swift in Sources */,
			);
			runOnlyForDeploymentPostprocessing = 0;
		};
		CFB9E2B02219D21300D9387C /* Sources */ = {
			isa = PBXSourcesBuildPhase;
			buildActionMask = 2147483647;
			files = (
				CFFD7156221A983E00425304 /* Single.swift in Sources */,
				CFB9E2B92219D21300D9387C /* K5ToolUITests.swift in Sources */,
				CFFD7155221A983C00425304 /* TestData.swift in Sources */,
			);
			runOnlyForDeploymentPostprocessing = 0;
		};
/* End PBXSourcesBuildPhase section */

/* Begin PBXTargetDependency section */
		CFB9E2AB2219D21300D9387C /* PBXTargetDependency */ = {
			isa = PBXTargetDependency;
			target = CFB9E2942219D20900D9387C /* K5Tool */;
			targetProxy = CFB9E2AA2219D21300D9387C /* PBXContainerItemProxy */;
		};
		CFB9E2B62219D21300D9387C /* PBXTargetDependency */ = {
			isa = PBXTargetDependency;
			target = CFB9E2942219D20900D9387C /* K5Tool */;
			targetProxy = CFB9E2B52219D21300D9387C /* PBXContainerItemProxy */;
		};
/* End PBXTargetDependency section */

/* Begin PBXVariantGroup section */
		CFB9E2A02219D21300D9387C /* Main.storyboard */ = {
			isa = PBXVariantGroup;
			children = (
				CFB9E2A12219D21300D9387C /* Base */,
			);
			name = Main.storyboard;
			sourceTree = "<group>";
		};
/* End PBXVariantGroup section */

/* Begin XCBuildConfiguration section */
		CFB9E2BB2219D21300D9387C /* Debug */ = {
			isa = XCBuildConfiguration;
			buildSettings = {
				ALWAYS_SEARCH_USER_PATHS = NO;
				CLANG_ANALYZER_NONNULL = YES;
				CLANG_ANALYZER_NUMBER_OBJECT_CONVERSION = YES_AGGRESSIVE;
				CLANG_CXX_LANGUAGE_STANDARD = "gnu++14";
				CLANG_CXX_LIBRARY = "libc++";
				CLANG_ENABLE_MODULES = YES;
				CLANG_ENABLE_OBJC_ARC = YES;
				CLANG_ENABLE_OBJC_WEAK = YES;
				CLANG_WARN_BLOCK_CAPTURE_AUTORELEASING = YES;
				CLANG_WARN_BOOL_CONVERSION = YES;
				CLANG_WARN_COMMA = YES;
				CLANG_WARN_CONSTANT_CONVERSION = YES;
				CLANG_WARN_DEPRECATED_OBJC_IMPLEMENTATIONS = YES;
				CLANG_WARN_DIRECT_OBJC_ISA_USAGE = YES_ERROR;
				CLANG_WARN_DOCUMENTATION_COMMENTS = YES;
				CLANG_WARN_EMPTY_BODY = YES;
				CLANG_WARN_ENUM_CONVERSION = YES;
				CLANG_WARN_INFINITE_RECURSION = YES;
				CLANG_WARN_INT_CONVERSION = YES;
				CLANG_WARN_NON_LITERAL_NULL_CONVERSION = YES;
				CLANG_WARN_OBJC_IMPLICIT_RETAIN_SELF = YES;
				CLANG_WARN_OBJC_LITERAL_CONVERSION = YES;
				CLANG_WARN_OBJC_ROOT_CLASS = YES_ERROR;
				CLANG_WARN_RANGE_LOOP_ANALYSIS = YES;
				CLANG_WARN_STRICT_PROTOTYPES = YES;
				CLANG_WARN_SUSPICIOUS_MOVE = YES;
				CLANG_WARN_UNGUARDED_AVAILABILITY = YES_AGGRESSIVE;
				CLANG_WARN_UNREACHABLE_CODE = YES;
				CLANG_WARN__DUPLICATE_METHOD_MATCH = YES;
				CODE_SIGN_IDENTITY = "Mac Developer";
				COPY_PHASE_STRIP = NO;
				DEBUG_INFORMATION_FORMAT = dwarf;
				ENABLE_STRICT_OBJC_MSGSEND = YES;
				ENABLE_TESTABILITY = YES;
				GCC_C_LANGUAGE_STANDARD = gnu11;
				GCC_DYNAMIC_NO_PIC = NO;
				GCC_NO_COMMON_BLOCKS = YES;
				GCC_OPTIMIZATION_LEVEL = 0;
				GCC_PREPROCESSOR_DEFINITIONS = (
					"DEBUG=1",
					"$(inherited)",
				);
				GCC_WARN_64_TO_32_BIT_CONVERSION = YES;
				GCC_WARN_ABOUT_RETURN_TYPE = YES_ERROR;
				GCC_WARN_UNDECLARED_SELECTOR = YES;
				GCC_WARN_UNINITIALIZED_AUTOS = YES_AGGRESSIVE;
				GCC_WARN_UNUSED_FUNCTION = YES;
				GCC_WARN_UNUSED_VARIABLE = YES;
				MACOSX_DEPLOYMENT_TARGET = 10.13;
				MTL_ENABLE_DEBUG_INFO = INCLUDE_SOURCE;
				MTL_FAST_MATH = YES;
				ONLY_ACTIVE_ARCH = YES;
				SDKROOT = macosx;
				SWIFT_ACTIVE_COMPILATION_CONDITIONS = DEBUG;
				SWIFT_OPTIMIZATION_LEVEL = "-Onone";
			};
			name = Debug;
		};
		CFB9E2BC2219D21300D9387C /* Release */ = {
			isa = XCBuildConfiguration;
			buildSettings = {
				ALWAYS_SEARCH_USER_PATHS = NO;
				CLANG_ANALYZER_NONNULL = YES;
				CLANG_ANALYZER_NUMBER_OBJECT_CONVERSION = YES_AGGRESSIVE;
				CLANG_CXX_LANGUAGE_STANDARD = "gnu++14";
				CLANG_CXX_LIBRARY = "libc++";
				CLANG_ENABLE_MODULES = YES;
				CLANG_ENABLE_OBJC_ARC = YES;
				CLANG_ENABLE_OBJC_WEAK = YES;
				CLANG_WARN_BLOCK_CAPTURE_AUTORELEASING = YES;
				CLANG_WARN_BOOL_CONVERSION = YES;
				CLANG_WARN_COMMA = YES;
				CLANG_WARN_CONSTANT_CONVERSION = YES;
				CLANG_WARN_DEPRECATED_OBJC_IMPLEMENTATIONS = YES;
				CLANG_WARN_DIRECT_OBJC_ISA_USAGE = YES_ERROR;
				CLANG_WARN_DOCUMENTATION_COMMENTS = YES;
				CLANG_WARN_EMPTY_BODY = YES;
				CLANG_WARN_ENUM_CONVERSION = YES;
				CLANG_WARN_INFINITE_RECURSION = YES;
				CLANG_WARN_INT_CONVERSION = YES;
				CLANG_WARN_NON_LITERAL_NULL_CONVERSION = YES;
				CLANG_WARN_OBJC_IMPLICIT_RETAIN_SELF = YES;
				CLANG_WARN_OBJC_LITERAL_CONVERSION = YES;
				CLANG_WARN_OBJC_ROOT_CLASS = YES_ERROR;
				CLANG_WARN_RANGE_LOOP_ANALYSIS = YES;
				CLANG_WARN_STRICT_PROTOTYPES = YES;
				CLANG_WARN_SUSPICIOUS_MOVE = YES;
				CLANG_WARN_UNGUARDED_AVAILABILITY = YES_AGGRESSIVE;
				CLANG_WARN_UNREACHABLE_CODE = YES;
				CLANG_WARN__DUPLICATE_METHOD_MATCH = YES;
				CODE_SIGN_IDENTITY = "Mac Developer";
				COPY_PHASE_STRIP = NO;
				DEBUG_INFORMATION_FORMAT = "dwarf-with-dsym";
				ENABLE_NS_ASSERTIONS = NO;
				ENABLE_STRICT_OBJC_MSGSEND = YES;
				GCC_C_LANGUAGE_STANDARD = gnu11;
				GCC_NO_COMMON_BLOCKS = YES;
				GCC_WARN_64_TO_32_BIT_CONVERSION = YES;
				GCC_WARN_ABOUT_RETURN_TYPE = YES_ERROR;
				GCC_WARN_UNDECLARED_SELECTOR = YES;
				GCC_WARN_UNINITIALIZED_AUTOS = YES_AGGRESSIVE;
				GCC_WARN_UNUSED_FUNCTION = YES;
				GCC_WARN_UNUSED_VARIABLE = YES;
				MACOSX_DEPLOYMENT_TARGET = 10.13;
				MTL_ENABLE_DEBUG_INFO = NO;
				MTL_FAST_MATH = YES;
				SDKROOT = macosx;
				SWIFT_COMPILATION_MODE = wholemodule;
				SWIFT_OPTIMIZATION_LEVEL = "-O";
			};
			name = Release;
		};
		CFB9E2BE2219D21300D9387C /* Debug */ = {
			isa = XCBuildConfiguration;
			baseConfigurationReference = E14021C80EDD8C4B134C7845 /* Pods-K5Tool.debug.xcconfig */;
			buildSettings = {
				ASSETCATALOG_COMPILER_APPICON_NAME = AppIcon;
				CODE_SIGN_ENTITLEMENTS = K5Tool/K5Tool.entitlements;
				CODE_SIGN_IDENTITY = "Mac Developer";
				CODE_SIGN_STYLE = Automatic;
				COMBINE_HIDPI_IMAGES = YES;
				DEVELOPMENT_TEAM = S742CC7Y65;
				INFOPLIST_FILE = K5Tool/Info.plist;
				LD_RUNPATH_SEARCH_PATHS = (
					"$(inherited)",
					"@executable_path/../Frameworks",
				);
				PRODUCT_BUNDLE_IDENTIFIER = com.coniferproductions.K5Tool;
				PRODUCT_NAME = "$(TARGET_NAME)";
				PROVISIONING_PROFILE_SPECIFIER = "";
				SWIFT_VERSION = 4.2;
			};
			name = Debug;
		};
		CFB9E2BF2219D21300D9387C /* Release */ = {
			isa = XCBuildConfiguration;
			baseConfigurationReference = AF6EAE260455CEFA00A313F3 /* Pods-K5Tool.release.xcconfig */;
			buildSettings = {
				ASSETCATALOG_COMPILER_APPICON_NAME = AppIcon;
				CODE_SIGN_ENTITLEMENTS = K5Tool/K5Tool.entitlements;
				CODE_SIGN_IDENTITY = "Mac Developer";
				CODE_SIGN_STYLE = Automatic;
				COMBINE_HIDPI_IMAGES = YES;
				DEVELOPMENT_TEAM = S742CC7Y65;
				INFOPLIST_FILE = K5Tool/Info.plist;
				LD_RUNPATH_SEARCH_PATHS = (
					"$(inherited)",
					"@executable_path/../Frameworks",
				);
				PRODUCT_BUNDLE_IDENTIFIER = com.coniferproductions.K5Tool;
				PRODUCT_NAME = "$(TARGET_NAME)";
				PROVISIONING_PROFILE_SPECIFIER = "";
				SWIFT_VERSION = 4.2;
			};
			name = Release;
		};
		CFB9E2C12219D21300D9387C /* Debug */ = {
			isa = XCBuildConfiguration;
			baseConfigurationReference = 710A328DD3F9AC229A25ACC0 /* Pods-K5ToolTests.debug.xcconfig */;
			buildSettings = {
				ALWAYS_EMBED_SWIFT_STANDARD_LIBRARIES = YES;
				BUNDLE_LOADER = "$(TEST_HOST)";
				CODE_SIGN_IDENTITY = "Mac Developer";
				CODE_SIGN_STYLE = Automatic;
				COMBINE_HIDPI_IMAGES = YES;
				DEVELOPMENT_TEAM = S742CC7Y65;
				INFOPLIST_FILE = K5ToolTests/Info.plist;
				LD_RUNPATH_SEARCH_PATHS = (
					"$(inherited)",
					"@executable_path/../Frameworks",
					"@loader_path/../Frameworks",
				);
				PRODUCT_BUNDLE_IDENTIFIER = com.coniferproductions.K5ToolTests;
				PRODUCT_NAME = "$(TARGET_NAME)";
				PROVISIONING_PROFILE_SPECIFIER = "";
				SWIFT_VERSION = 4.2;
				TEST_HOST = "$(BUILT_PRODUCTS_DIR)/K5Tool.app/Contents/MacOS/K5Tool";
			};
			name = Debug;
		};
		CFB9E2C22219D21300D9387C /* Release */ = {
			isa = XCBuildConfiguration;
			baseConfigurationReference = 516C5C904B6E1843BF7FB278 /* Pods-K5ToolTests.release.xcconfig */;
			buildSettings = {
				ALWAYS_EMBED_SWIFT_STANDARD_LIBRARIES = YES;
				BUNDLE_LOADER = "$(TEST_HOST)";
				CODE_SIGN_IDENTITY = "Mac Developer";
				CODE_SIGN_STYLE = Automatic;
				COMBINE_HIDPI_IMAGES = YES;
				DEVELOPMENT_TEAM = S742CC7Y65;
				INFOPLIST_FILE = K5ToolTests/Info.plist;
				LD_RUNPATH_SEARCH_PATHS = (
					"$(inherited)",
					"@executable_path/../Frameworks",
					"@loader_path/../Frameworks",
				);
				PRODUCT_BUNDLE_IDENTIFIER = com.coniferproductions.K5ToolTests;
				PRODUCT_NAME = "$(TARGET_NAME)";
				PROVISIONING_PROFILE_SPECIFIER = "";
				SWIFT_VERSION = 4.2;
				TEST_HOST = "$(BUILT_PRODUCTS_DIR)/K5Tool.app/Contents/MacOS/K5Tool";
			};
			name = Release;
		};
		CFB9E2C42219D21300D9387C /* Debug */ = {
			isa = XCBuildConfiguration;
			baseConfigurationReference = 0C28ABB22990C6E65DA95980 /* Pods-K5ToolUITests.debug.xcconfig */;
			buildSettings = {
				ALWAYS_EMBED_SWIFT_STANDARD_LIBRARIES = YES;
				CODE_SIGN_IDENTITY = "Mac Developer";
				CODE_SIGN_STYLE = Automatic;
				COMBINE_HIDPI_IMAGES = YES;
				DEVELOPMENT_TEAM = S742CC7Y65;
				INFOPLIST_FILE = K5ToolUITests/Info.plist;
				LD_RUNPATH_SEARCH_PATHS = (
					"$(inherited)",
					"@executable_path/../Frameworks",
					"@loader_path/../Frameworks",
				);
				PRODUCT_BUNDLE_IDENTIFIER = com.coniferproductions.K5ToolUITests;
				PRODUCT_NAME = "$(TARGET_NAME)";
				PROVISIONING_PROFILE_SPECIFIER = "";
				SWIFT_VERSION = 4.2;
				TEST_TARGET_NAME = K5Tool;
			};
			name = Debug;
		};
		CFB9E2C52219D21300D9387C /* Release */ = {
			isa = XCBuildConfiguration;
			baseConfigurationReference = 86012CEAED1D8A257E3F1C36 /* Pods-K5ToolUITests.release.xcconfig */;
			buildSettings = {
				ALWAYS_EMBED_SWIFT_STANDARD_LIBRARIES = YES;
				CODE_SIGN_IDENTITY = "Mac Developer";
				CODE_SIGN_STYLE = Automatic;
				COMBINE_HIDPI_IMAGES = YES;
				DEVELOPMENT_TEAM = S742CC7Y65;
				INFOPLIST_FILE = K5ToolUITests/Info.plist;
				LD_RUNPATH_SEARCH_PATHS = (
					"$(inherited)",
					"@executable_path/../Frameworks",
					"@loader_path/../Frameworks",
				);
				PRODUCT_BUNDLE_IDENTIFIER = com.coniferproductions.K5ToolUITests;
				PRODUCT_NAME = "$(TARGET_NAME)";
				PROVISIONING_PROFILE_SPECIFIER = "";
				SWIFT_VERSION = 4.2;
				TEST_TARGET_NAME = K5Tool;
			};
			name = Release;
		};
/* End XCBuildConfiguration section */

/* Begin XCConfigurationList section */
		CFB9E2902219D20900D9387C /* Build configuration list for PBXProject "K5Tool" */ = {
			isa = XCConfigurationList;
			buildConfigurations = (
				CFB9E2BB2219D21300D9387C /* Debug */,
				CFB9E2BC2219D21300D9387C /* Release */,
			);
			defaultConfigurationIsVisible = 0;
			defaultConfigurationName = Release;
		};
		CFB9E2BD2219D21300D9387C /* Build configuration list for PBXNativeTarget "K5Tool" */ = {
			isa = XCConfigurationList;
			buildConfigurations = (
				CFB9E2BE2219D21300D9387C /* Debug */,
				CFB9E2BF2219D21300D9387C /* Release */,
			);
			defaultConfigurationIsVisible = 0;
			defaultConfigurationName = Release;
		};
		CFB9E2C02219D21300D9387C /* Build configuration list for PBXNativeTarget "K5ToolTests" */ = {
			isa = XCConfigurationList;
			buildConfigurations = (
				CFB9E2C12219D21300D9387C /* Debug */,
				CFB9E2C22219D21300D9387C /* Release */,
			);
			defaultConfigurationIsVisible = 0;
			defaultConfigurationName = Release;
		};
		CFB9E2C32219D21300D9387C /* Build configuration list for PBXNativeTarget "K5ToolUITests" */ = {
			isa = XCConfigurationList;
			buildConfigurations = (
				CFB9E2C42219D21300D9387C /* Debug */,
				CFB9E2C52219D21300D9387C /* Release */,
			);
			defaultConfigurationIsVisible = 0;
			defaultConfigurationName = Release;
		};
/* End XCConfigurationList section */
	};
	rootObject = CFB9E28D2219D20900D9387C /* Project object */;
}
